
Microsoft Visual Studio Solution File, Format Version 12.00
# Visual Studio Version 17
VisualStudioVersion = 17.8.34330.188
MinimumVisualStudioVersion = 10.0.40219.1
Project("{FAE04EC0-301F-11D3-BF4B-00C04F79EFBC}") = "GenerateEncodingsMap", "GenerateEncodingsMap\GenerateEncodingsMap.csproj", "{A6D46FD8-DA50-4D2C-9469-D1FD9FC0D1FD}"
EndProject
Global
	GlobalSection(SolutionConfigurationPlatforms) = preSolution
		Debug|Any CPU = Debug|Any CPU
		Release|Any CPU = Release|Any CPU
	EndGlobalSection
	GlobalSection(ProjectConfigurationPlatforms) = postSolution
		{A6D46FD8-DA50-4D2C-9469-D1FD9FC0D1FD}.Debug|Any CPU.ActiveCfg = Debug|Any CPU
		{A6D46FD8-DA50-4D2C-9469-D1FD9FC0D1FD}.Debug|Any CPU.Build.0 = Debug|Any CPU
		{A6D46FD8-DA50-4D2C-9469-D1FD9FC0D1FD}.Release|Any CPU.ActiveCfg = Release|Any CPU
		{A6D46FD8-DA50-4D2C-9469-D1FD9FC0D1FD}.Release|Any CPU.Build.0 = Release|Any CPU
	EndGlobalSection
	GlobalSection(SolutionProperties) = preSolution
		HideSolutionNode = FALSE
	EndGlobalSection
	GlobalSection(ExtensibilityGlobals) = postSolution
		SolutionGuid = {28BDFAFB-09E1-4A20-AB39-380B33F49471}
	EndGlobalSection
EndGlobal
